
Microsoft Visual Studio Solution File, Format Version 12.00
# Visual Studio Version 17
VisualStudioVersion = 17.4.33205.214
MinimumVisualStudioVersion = 10.0.40219.1
Project("{FAE04EC0-301F-11D3-BF4B-00C04F79EFBC}") = "WebQueenDreams", "WebQueenDreams.csproj", "{BFBD8BE0-C919-4985-9FC4-E2371B13D5AA}"
EndProject
Global
	GlobalSection(SolutionConfigurationPlatforms) = preSolution
		Debug|Any CPU = Debug|Any CPU
		Release|Any CPU = Release|Any CPU
	EndGlobalSection
	GlobalSection(ProjectConfigurationPlatforms) = postSolution
		{BFBD8BE0-C919-4985-9FC4-E2371B13D5AA}.Debug|Any CPU.ActiveCfg = Debug|Any CPU
		{BFBD8BE0-C919-4985-9FC4-E2371B13D5AA}.Debug|Any CPU.Build.0 = Debug|Any CPU
		{BFBD8BE0-C919-4985-9FC4-E2371B13D5AA}.Release|Any CPU.ActiveCfg = Release|Any CPU
		{BFBD8BE0-C919-4985-9FC4-E2371B13D5AA}.Release|Any CPU.Build.0 = Release|Any CPU
	EndGlobalSection
	GlobalSection(SolutionProperties) = preSolution
		HideSolutionNode = FALSE
	EndGlobalSection
	GlobalSection(ExtensibilityGlobals) = postSolution
		SolutionGuid = {90FFEEBE-924E-47C8-A56F-C79AF5923B8B}
	EndGlobalSection
EndGlobal
